
Microsoft Visual Studio Solution File, Format Version 12.00
# Visual Studio Version 17
VisualStudioVersion = 17.10.35013.160
MinimumVisualStudioVersion = 10.0.40219.1
Project("{FAE04EC0-301F-11D3-BF4B-00C04F79EFBC}") = "KioscoInformaticoApp", "KioscoInformaticoApp-\KioscoInformaticoApp.csproj", "{651AF0BC-4816-4E90-A88C-BBF373C37F0B}"
EndProject
Global
	GlobalSection(SolutionConfigurationPlatforms) = preSolution
		Debug|Any CPU = Debug|Any CPU
		Release|Any CPU = Release|Any CPU
	EndGlobalSection
	GlobalSection(ProjectConfigurationPlatforms) = postSolution
		{651AF0BC-4816-4E90-A88C-BBF373C37F0B}.Debug|Any CPU.ActiveCfg = Debug|Any CPU
		{651AF0BC-4816-4E90-A88C-BBF373C37F0B}.Debug|Any CPU.Build.0 = Debug|Any CPU
		{651AF0BC-4816-4E90-A88C-BBF373C37F0B}.Debug|Any CPU.Deploy.0 = Debug|Any CPU
		{651AF0BC-4816-4E90-A88C-BBF373C37F0B}.Release|Any CPU.ActiveCfg = Release|Any CPU
		{651AF0BC-4816-4E90-A88C-BBF373C37F0B}.Release|Any CPU.Build.0 = Release|Any CPU
		{651AF0BC-4816-4E90-A88C-BBF373C37F0B}.Release|Any CPU.Deploy.0 = Release|Any CPU
	EndGlobalSection
	GlobalSection(SolutionProperties) = preSolution
		HideSolutionNode = FALSE
	EndGlobalSection
	GlobalSection(ExtensibilityGlobals) = postSolution
		SolutionGuid = {20FCE8BE-EF53-4F84-87E2-E00BCE968357}
	EndGlobalSection
EndGlobal
